// !$*UTF8*$!
{
	archiveVersion = 1;
	classes = {
	};
	objectVersion = 46;
	objects = {

/* Begin PBXBuildFile section */
		F932B1C91D40AEB9002D34B0 /* musicBG.mp3 in Resources */ = {isa = PBXBuildFile; fileRef = F932B1C81D40AEB9002D34B0 /* musicBG.mp3 */; };
		F932B1CC1D40B988002D34B0 /* ogreAttacked.wav in Resources */ = {isa = PBXBuildFile; fileRef = F932B1CA1D40B988002D34B0 /* ogreAttacked.wav */; };
		F932B1CD1D40B988002D34B0 /* knightAttacked.wav in Resources */ = {isa = PBXBuildFile; fileRef = F932B1CB1D40B988002D34B0 /* knightAttacked.wav */; };
		F9A4341C1D40378D00655E6F /* Character.swift in Sources */ = {isa = PBXBuildFile; fileRef = F9A4341B1D40378D00655E6F /* Character.swift */; };
		F9A4341E1D40392000655E6F /* Ogre.swift in Sources */ = {isa = PBXBuildFile; fileRef = F9A4341D1D40392000655E6F /* Ogre.swift */; };
		F9A434201D404B4100655E6F /* Knight.swift in Sources */ = {isa = PBXBuildFile; fileRef = F9A4341F1D404B4100655E6F /* Knight.swift */; };
		F9BB92A51D4007A800D0B524 /* AppDelegate.swift in Sources */ = {isa = PBXBuildFile; fileRef = F9BB92A41D4007A800D0B524 /* AppDelegate.swift */; };
		F9BB92A71D4007A800D0B524 /* ViewController.swift in Sources */ = {isa = PBXBuildFile; fileRef = F9BB92A61D4007A800D0B524 /* ViewController.swift */; };
		F9BB92AA1D4007A800D0B524 /* Main.storyboard in Resources */ = {isa = PBXBuildFile; fileRef = F9BB92A81D4007A800D0B524 /* Main.storyboard */; };
		F9BB92AC1D4007A800D0B524 /* Assets.xcassets in Resources */ = {isa = PBXBuildFile; fileRef = F9BB92AB1D4007A800D0B524 /* Assets.xcassets */; };
		F9BB92AF1D4007A800D0B524 /* LaunchScreen.storyboard in Resources */ = {isa = PBXBuildFile; fileRef = F9BB92AD1D4007A800D0B524 /* LaunchScreen.storyboard */; };
		F9BB92B71D400C2400D0B524 /* Minecraft.ttf in Resources */ = {isa = PBXBuildFile; fileRef = F9BB92B61D400C2400D0B524 /* Minecraft.ttf */; };
/* End PBXBuildFile section */

/* Begin PBXFileReference section */
		F932B1C81D40AEB9002D34B0 /* musicBG.mp3 */ = {isa = PBXFileReference; lastKnownFileType = audio.mp3; path = musicBG.mp3; sourceTree = "<group>"; };
		F932B1CA1D40B988002D34B0 /* ogreAttacked.wav */ = {isa = PBXFileReference; lastKnownFileType = audio.wav; path = ogreAttacked.wav; sourceTree = "<group>"; };
		F932B1CB1D40B988002D34B0 /* knightAttacked.wav */ = {isa = PBXFileReference; lastKnownFileType = audio.wav; path = knightAttacked.wav; sourceTree = "<group>"; };
		F9A4341B1D40378D00655E6F /* Character.swift */ = {isa = PBXFileReference; fileEncoding = 4; lastKnownFileType = sourcecode.swift; path = Character.swift; sourceTree = "<group>"; };
		F9A4341D1D40392000655E6F /* Ogre.swift */ = {isa = PBXFileReference; fileEncoding = 4; lastKnownFileType = sourcecode.swift; path = Ogre.swift; sourceTree = "<group>"; };
		F9A4341F1D404B4100655E6F /* Knight.swift */ = {isa = PBXFileReference; fileEncoding = 4; lastKnownFileType = sourcecode.swift; path = Knight.swift; sourceTree = "<group>"; };
		F9BB92A11D4007A800D0B524 /* Mark's App.app */ = {isa = PBXFileReference; explicitFileType = wrapper.application; includeInIndex = 0; path = "Mark's App.app"; sourceTree = BUILT_PRODUCTS_DIR; };
		F9BB92A41D4007A800D0B524 /* AppDelegate.swift */ = {isa = PBXFileReference; lastKnownFileType = sourcecode.swift; path = AppDelegate.swift; sourceTree = "<group>"; };
		F9BB92A61D4007A800D0B524 /* ViewController.swift */ = {isa = PBXFileReference; lastKnownFileType = sourcecode.swift; path = ViewController.swift; sourceTree = "<group>"; };
		F9BB92A91D4007A800D0B524 /* Base */ = {isa = PBXFileReference; lastKnownFileType = file.storyboard; name = Base; path = Base.lproj/Main.storyboard; sourceTree = "<group>"; };
		F9BB92AB1D4007A800D0B524 /* Assets.xcassets */ = {isa = PBXFileReference; lastKnownFileType = folder.assetcatalog; path = Assets.xcassets; sourceTree = "<group>"; };
		F9BB92AE1D4007A800D0B524 /* Base */ = {isa = PBXFileReference; lastKnownFileType = file.storyboard; name = Base; path = Base.lproj/LaunchScreen.storyboard; sourceTree = "<group>"; };
		F9BB92B01D4007A800D0B524 /* Info.plist */ = {isa = PBXFileReference; lastKnownFileType = text.plist.xml; path = Info.plist; sourceTree = "<group>"; };
		F9BB92B61D400C2400D0B524 /* Minecraft.ttf */ = {isa = PBXFileReference; lastKnownFileType = file; path = Minecraft.ttf; sourceTree = "<group>"; };
/* End PBXFileReference section */

/* Begin PBXFrameworksBuildPhase section */
		F9BB929E1D4007A800D0B524 /* Frameworks */ = {
			isa = PBXFrameworksBuildPhase;
			buildActionMask = 2147483647;
			files = (
			);
			runOnlyForDeploymentPostprocessing = 0;
		};
/* End PBXFrameworksBuildPhase section */

/* Begin PBXGroup section */
		F9BB92981D4007A800D0B524 = {
			isa = PBXGroup;
			children = (
				F9BB92A31D4007A800D0B524 /* Mark's App */,
				F9BB92A21D4007A800D0B524 /* Products */,
			);
			sourceTree = "<group>";
		};
		F9BB92A21D4007A800D0B524 /* Products */ = {
			isa = PBXGroup;
			children = (
				F9BB92A11D4007A800D0B524 /* Mark's App.app */,
			);
			name = Products;
			sourceTree = "<group>";
		};
		F9BB92A31D4007A800D0B524 /* Mark's App */ = {
			isa = PBXGroup;
			children = (
				F932B1CA1D40B988002D34B0 /* ogreAttacked.wav */,
				F932B1CB1D40B988002D34B0 /* knightAttacked.wav */,
				F932B1C81D40AEB9002D34B0 /* musicBG.mp3 */,
				F9BB92B61D400C2400D0B524 /* Minecraft.ttf */,
				F9BB92A41D4007A800D0B524 /* AppDelegate.swift */,
				F9BB92A61D4007A800D0B524 /* ViewController.swift */,
				F9BB92A81D4007A800D0B524 /* Main.storyboard */,
				F9BB92AB1D4007A800D0B524 /* Assets.xcassets */,
				F9BB92AD1D4007A800D0B524 /* LaunchScreen.storyboard */,
				F9BB92B01D4007A800D0B524 /* Info.plist */,
				F9A4341B1D40378D00655E6F /* Character.swift */,
				F9A4341D1D40392000655E6F /* Ogre.swift */,
				F9A4341F1D404B4100655E6F /* Knight.swift */,
			);
			path = "Mark's App";
			sourceTree = "<group>";
		};
/* End PBXGroup section */

/* Begin PBXNativeTarget section */
		F9BB92A01D4007A800D0B524 /* Mark's App */ = {
			isa = PBXNativeTarget;
			buildConfigurationList = F9BB92B31D4007A800D0B524 /* Build configuration list for PBXNativeTarget "Mark's App" */;
			buildPhases = (
				F9BB929D1D4007A800D0B524 /* Sources */,
				F9BB929E1D4007A800D0B524 /* Frameworks */,
				F9BB929F1D4007A800D0B524 /* Resources */,
			);
			buildRules = (
			);
			dependencies = (
			);
			name = "Mark's App";
			productName = "Exercise 2";
			productReference = F9BB92A11D4007A800D0B524 /* Mark's App.app */;
			productType = "com.apple.product-type.application";
		};
/* End PBXNativeTarget section */

/* Begin PBXProject section */
		F9BB92991D4007A800D0B524 /* Project object */ = {
			isa = PBXProject;
			attributes = {
				LastSwiftUpdateCheck = 0730;
				LastUpgradeCheck = 0730;
				ORGANIZATIONNAME = markrassamni;
				TargetAttributes = {
					F9BB92A01D4007A800D0B524 = {
						CreatedOnToolsVersion = 7.3.1;
						DevelopmentTeam = 5P8H22SW8V;
					};
				};
			};
			buildConfigurationList = F9BB929C1D4007A800D0B524 /* Build configuration list for PBXProject "Mark's App" */;
			compatibilityVersion = "Xcode 3.2";
			developmentRegion = English;
			hasScannedForEncodings = 0;
			knownRegions = (
				en,
				Base,
			);
			mainGroup = F9BB92981D4007A800D0B524;
			productRefGroup = F9BB92A21D4007A800D0B524 /* Products */;
			projectDirPath = "";
			projectRoot = "";
			targets = (
				F9BB92A01D4007A800D0B524 /* Mark's App */,
			);
		};
/* End PBXProject section */

/* Begin PBXResourcesBuildPhase section */
		F9BB929F1D4007A800D0B524 /* Resources */ = {
			isa = PBXResourcesBuildPhase;
			buildActionMask = 2147483647;
			files = (
				F9BB92AF1D4007A800D0B524 /* LaunchScreen.storyboard in Resources */,
				F9BB92AC1D4007A800D0B524 /* Assets.xcassets in Resources */,
				F932B1CC1D40B988002D34B0 /* ogreAttacked.wav in Resources */,
				F9BB92B71D400C2400D0B524 /* Minecraft.ttf in Resources */,
				F932B1C91D40AEB9002D34B0 /* musicBG.mp3 in Resources */,
				F932B1CD1D40B988002D34B0 /* knightAttacked.wav in Resources */,
				F9BB92AA1D4007A800D0B524 /* Main.storyboard in Resources */,
			);
			runOnlyForDeploymentPostprocessing = 0;
		};
/* End PBXResourcesBuildPhase section */

/* Begin PBXSourcesBuildPhase section */
		F9BB929D1D4007A800D0B524 /* Sources */ = {
			isa = PBXSourcesBuildPhase;
			buildActionMask = 2147483647;
			files = (
				F9A4341C1D40378D00655E6F /* Character.swift in Sources */,
				F9BB92A71D4007A800D0B524 /* ViewController.swift in Sources */,
				F9A4341E1D40392000655E6F /* Ogre.swift in Sources */,
				F9BB92A51D4007A800D0B524 /* AppDelegate.swift in Sources */,
				F9A434201D404B4100655E6F /* Knight.swift in Sources */,
			);
			runOnlyForDeploymentPostprocessing = 0;
		};
/* End PBXSourcesBuildPhase section */

/* Begin PBXVariantGroup section */
		F9BB92A81D4007A800D0B524 /* Main.storyboard */ = {
			isa = PBXVariantGroup;
			children = (
				F9BB92A91D4007A800D0B524 /* Base */,
			);
			name = Main.storyboard;
			sourceTree = "<group>";
		};
		F9BB92AD1D4007A800D0B524 /* LaunchScreen.storyboard */ = {
			isa = PBXVariantGroup;
			children = (
				F9BB92AE1D4007A800D0B524 /* Base */,
			);
			name = LaunchScreen.storyboard;
			sourceTree = "<group>";
		};
/* End PBXVariantGroup section */

/* Begin XCBuildConfiguration section */
		F9BB92B11D4007A800D0B524 /* Debug */ = {
			isa = XCBuildConfiguration;
			buildSettings = {
				ALWAYS_SEARCH_USER_PATHS = NO;
				CLANG_ANALYZER_NONNULL = YES;
				CLANG_CXX_LANGUAGE_STANDARD = "gnu++0x";
				CLANG_CXX_LIBRARY = "libc++";
				CLANG_ENABLE_MODULES = YES;
				CLANG_ENABLE_OBJC_ARC = YES;
				CLANG_WARN_BOOL_CONVERSION = YES;
				CLANG_WARN_CONSTANT_CONVERSION = YES;
				CLANG_WARN_DIRECT_OBJC_ISA_USAGE = YES_ERROR;
				CLANG_WARN_EMPTY_BODY = YES;
				CLANG_WARN_ENUM_CONVERSION = YES;
				CLANG_WARN_INT_CONVERSION = YES;
				CLANG_WARN_OBJC_ROOT_CLASS = YES_ERROR;
				CLANG_WARN_UNREACHABLE_CODE = YES;
				CLANG_WARN__DUPLICATE_METHOD_MATCH = YES;
				"CODE_SIGN_IDENTITY[sdk=iphoneos*]" = "iPhone Developer";
				COPY_PHASE_STRIP = NO;
				DEBUG_INFORMATION_FORMAT = dwarf;
				ENABLE_STRICT_OBJC_MSGSEND = YES;
				ENABLE_TESTABILITY = YES;
				GCC_C_LANGUAGE_STANDARD = gnu99;
				GCC_DYNAMIC_NO_PIC = NO;
				GCC_NO_COMMON_BLOCKS = YES;
				GCC_OPTIMIZATION_LEVEL = 0;
				GCC_PREPROCESSOR_DEFINITIONS = (
					"DEBUG=1",
					"$(inherited)",
				);
				GCC_WARN_64_TO_32_BIT_CONVERSION = YES;
				GCC_WARN_ABOUT_RETURN_TYPE = YES_ERROR;
				GCC_WARN_UNDECLARED_SELECTOR = YES;
				GCC_WARN_UNINITIALIZED_AUTOS = YES_AGGRESSIVE;
				GCC_WARN_UNUSED_FUNCTION = YES;
				GCC_WARN_UNUSED_VARIABLE = YES;
				IPHONEOS_DEPLOYMENT_TARGET = 9.3;
				MTL_ENABLE_DEBUG_INFO = YES;
				ONLY_ACTIVE_ARCH = YES;
				SDKROOT = iphoneos;
				SWIFT_OPTIMIZATION_LEVEL = "-Onone";
				TARGETED_DEVICE_FAMILY = "1,2";
			};
			name = Debug;
		};
		F9BB92B21D4007A800D0B524 /* Release */ = {
			isa = XCBuildConfiguration;
			buildSettings = {
				ALWAYS_SEARCH_USER_PATHS = NO;
				CLANG_ANALYZER_NONNULL = YES;
				CLANG_CXX_LANGUAGE_STANDARD = "gnu++0x";
				CLANG_CXX_LIBRARY = "libc++";
				CLANG_ENABLE_MODULES = YES;
				CLANG_ENABLE_OBJC_ARC = YES;
				CLANG_WARN_BOOL_CONVERSION = YES;
				CLANG_WARN_CONSTANT_CONVERSION = YES;
				CLANG_WARN_DIRECT_OBJC_ISA_USAGE = YES_ERROR;
				CLANG_WARN_EMPTY_BODY = YES;
				CLANG_WARN_ENUM_CONVERSION = YES;
				CLANG_WARN_INT_CONVERSION = YES;
				CLANG_WARN_OBJC_ROOT_CLASS = YES_ERROR;
				CLANG_WARN_UNREACHABLE_CODE = YES;
				CLANG_WARN__DUPLICATE_METHOD_MATCH = YES;
				"CODE_SIGN_IDENTITY[sdk=iphoneos*]" = "iPhone Developer";
				COPY_PHASE_STRIP = NO;
				DEBUG_INFORMATION_FORMAT = "dwarf-with-dsym";
				ENABLE_NS_ASSERTIONS = NO;
				ENABLE_STRICT_OBJC_MSGSEND = YES;
				GCC_C_LANGUAGE_STANDARD = gnu99;
				GCC_NO_COMMON_BLOCKS = YES;
				GCC_WARN_64_TO_32_BIT_CONVERSION = YES;
				GCC_WARN_ABOUT_RETURN_TYPE = YES_ERROR;
				GCC_WARN_UNDECLARED_SELECTOR = YES;
				GCC_WARN_UNINITIALIZED_AUTOS = YES_AGGRESSIVE;
				GCC_WARN_UNUSED_FUNCTION = YES;
				GCC_WARN_UNUSED_VARIABLE = YES;
				IPHONEOS_DEPLOYMENT_TARGET = 9.3;
				MTL_ENABLE_DEBUG_INFO = NO;
				SDKROOT = iphoneos;
				TARGETED_DEVICE_FAMILY = "1,2";
				VALIDATE_PRODUCT = YES;
			};
			name = Release;
		};
		F9BB92B41D4007A800D0B524 /* Debug */ = {
			isa = XCBuildConfiguration;
			buildSettings = {
				ASSETCATALOG_COMPILER_APPICON_NAME = AppIcon;
				INFOPLIST_FILE = "$(SRCROOT)/Mark's App/Info.plist";
				IPHONEOS_DEPLOYMENT_TARGET = 8.1;
				LD_RUNPATH_SEARCH_PATHS = "$(inherited) @executable_path/Frameworks";
				PRODUCT_BUNDLE_IDENTIFIER = "com.markrassamni.Marks-App";
				PRODUCT_NAME = "Mark's App";
			};
			name = Debug;
		};
		F9BB92B51D4007A800D0B524 /* Release */ = {
			isa = XCBuildConfiguration;
			buildSettings = {
				ASSETCATALOG_COMPILER_APPICON_NAME = AppIcon;
				INFOPLIST_FILE = "$(SRCROOT)/Mark's App/Info.plist";
				IPHONEOS_DEPLOYMENT_TARGET = 8.1;
				LD_RUNPATH_SEARCH_PATHS = "$(inherited) @executable_path/Frameworks";
				PRODUCT_BUNDLE_IDENTIFIER = "com.markrassamni.Marks-App";
				PRODUCT_NAME = "Mark's App";
			};
			name = Release;
		};
/* End XCBuildConfiguration section */

/* Begin XCConfigurationList section */
		F9BB929C1D4007A800D0B524 /* Build configuration list for PBXProject "Mark's App" */ = {
			isa = XCConfigurationList;
			buildConfigurations = (
				F9BB92B11D4007A800D0B524 /* Debug */,
				F9BB92B21D4007A800D0B524 /* Release */,
			);
			defaultConfigurationIsVisible = 0;
			defaultConfigurationName = Release;
		};
		F9BB92B31D4007A800D0B524 /* Build configuration list for PBXNativeTarget "Mark's App" */ = {
			isa = XCConfigurationList;
			buildConfigurations = (
				F9BB92B41D4007A800D0B524 /* Debug */,
				F9BB92B51D4007A800D0B524 /* Release */,
			);
			defaultConfigurationIsVisible = 0;
			defaultConfigurationName = Release;
		};
/* End XCConfigurationList section */
	};
	rootObject = F9BB92991D4007A800D0B524 /* Project object */;
}
